// !$*UTF8*$!
{
	archiveVersion = 1;
	classes = {
	};
	objectVersion = 51;
	objects = {

/* Begin PBXBuildFile section */
		186F6F2C52F4169F850FD0DE /* Pods_NetGallery.framework in Frameworks */ = {isa = PBXBuildFile; fileRef = 621637196C95B7CC477F6D23 /* Pods_NetGallery.framework */; };
		22DBA6CB25F6961A002D21B3 /* AppDelegate.swift in Sources */ = {isa = PBXBuildFile; fileRef = 22DBA6CA25F6961A002D21B3 /* AppDelegate.swift */; };
		22DBA6CF25F6961A002D21B3 /* BioViewController.swift in Sources */ = {isa = PBXBuildFile; fileRef = 22DBA6CE25F6961A002D21B3 /* BioViewController.swift */; };
		22DBA6D425F6961B002D21B3 /* Assets.xcassets in Resources */ = {isa = PBXBuildFile; fileRef = 22DBA6D325F6961B002D21B3 /* Assets.xcassets */; };
		22DBA6F025F6A989002D21B3 /* TabBarViewController.swift in Sources */ = {isa = PBXBuildFile; fileRef = 22DBA6EF25F6A989002D21B3 /* TabBarViewController.swift */; };
		22DBA6F325F6AC02002D21B3 /* NetworkImageCollectionViewController.swift in Sources */ = {isa = PBXBuildFile; fileRef = 22DBA6F225F6AC02002D21B3 /* NetworkImageCollectionViewController.swift */; };
		22DBA6F925F6AF38002D21B3 /* Bio.swift in Sources */ = {isa = PBXBuildFile; fileRef = 22DBA6F825F6AF38002D21B3 /* Bio.swift */; };
		22DBA6FC25F6AF6C002D21B3 /* BioViewModel.swift in Sources */ = {isa = PBXBuildFile; fileRef = 22DBA6FB25F6AF6C002D21B3 /* BioViewModel.swift */; };
/* End PBXBuildFile section */

/* Begin PBXFileReference section */
		22DBA6C725F6961A002D21B3 /* NetGallery.app */ = {isa = PBXFileReference; explicitFileType = wrapper.application; includeInIndex = 0; path = NetGallery.app; sourceTree = BUILT_PRODUCTS_DIR; };
		22DBA6CA25F6961A002D21B3 /* AppDelegate.swift */ = {isa = PBXFileReference; lastKnownFileType = sourcecode.swift; path = AppDelegate.swift; sourceTree = "<group>"; };
		22DBA6CE25F6961A002D21B3 /* BioViewController.swift */ = {isa = PBXFileReference; lastKnownFileType = sourcecode.swift; path = BioViewController.swift; sourceTree = "<group>"; };
		22DBA6D325F6961B002D21B3 /* Assets.xcassets */ = {isa = PBXFileReference; lastKnownFileType = folder.assetcatalog; path = Assets.xcassets; sourceTree = "<group>"; };
		22DBA6D825F6961B002D21B3 /* Info.plist */ = {isa = PBXFileReference; lastKnownFileType = text.plist.xml; path = Info.plist; sourceTree = "<group>"; };
		22DBA6EF25F6A989002D21B3 /* TabBarViewController.swift */ = {isa = PBXFileReference; lastKnownFileType = sourcecode.swift; path = TabBarViewController.swift; sourceTree = "<group>"; };
		22DBA6F225F6AC02002D21B3 /* NetworkImageCollectionViewController.swift */ = {isa = PBXFileReference; lastKnownFileType = sourcecode.swift; path = NetworkImageCollectionViewController.swift; sourceTree = "<group>"; };
		22DBA6F825F6AF38002D21B3 /* Bio.swift */ = {isa = PBXFileReference; lastKnownFileType = sourcecode.swift; path = Bio.swift; sourceTree = "<group>"; };
		22DBA6FB25F6AF6C002D21B3 /* BioViewModel.swift */ = {isa = PBXFileReference; lastKnownFileType = sourcecode.swift; path = BioViewModel.swift; sourceTree = "<group>"; };
		5FF669E8A711D33E1518DDFB /* Pods-NetGallery.debug.xcconfig */ = {isa = PBXFileReference; includeInIndex = 1; lastKnownFileType = text.xcconfig; name = "Pods-NetGallery.debug.xcconfig"; path = "Target Support Files/Pods-NetGallery/Pods-NetGallery.debug.xcconfig"; sourceTree = "<group>"; };
		621637196C95B7CC477F6D23 /* Pods_NetGallery.framework */ = {isa = PBXFileReference; explicitFileType = wrapper.framework; includeInIndex = 0; path = Pods_NetGallery.framework; sourceTree = BUILT_PRODUCTS_DIR; };
		989140FF77DD57891871BCCB /* Pods-NetGallery.release.xcconfig */ = {isa = PBXFileReference; includeInIndex = 1; lastKnownFileType = text.xcconfig; name = "Pods-NetGallery.release.xcconfig"; path = "Target Support Files/Pods-NetGallery/Pods-NetGallery.release.xcconfig"; sourceTree = "<group>"; };
/* End PBXFileReference section */

/* Begin PBXFrameworksBuildPhase section */
		22DBA6C425F6961A002D21B3 /* Frameworks */ = {
			isa = PBXFrameworksBuildPhase;
			buildActionMask = 2147483647;
			files = (
				186F6F2C52F4169F850FD0DE /* Pods_NetGallery.framework in Frameworks */,
			);
			runOnlyForDeploymentPostprocessing = 0;
		};
/* End PBXFrameworksBuildPhase section */

/* Begin PBXGroup section */
		22DBA6BE25F6961A002D21B3 = {
			isa = PBXGroup;
			children = (
				22DBA6C925F6961A002D21B3 /* NetGallery */,
				22DBA6C825F6961A002D21B3 /* Products */,
				24E775935E483E286289ACA2 /* Pods */,
				D2D1EF32E4860EB29A01EDC6 /* Frameworks */,
			);
			sourceTree = "<group>";
		};
		22DBA6C825F6961A002D21B3 /* Products */ = {
			isa = PBXGroup;
			children = (
				22DBA6C725F6961A002D21B3 /* NetGallery.app */,
			);
			name = Products;
			sourceTree = "<group>";
		};
		22DBA6C925F6961A002D21B3 /* NetGallery */ = {
			isa = PBXGroup;
			children = (
				22DBA6CA25F6961A002D21B3 /* AppDelegate.swift */,
				22DBA6D325F6961B002D21B3 /* Assets.xcassets */,
				22DBA6F725F6AEF3002D21B3 /* Model */,
				22DBA6F625F6AEDB002D21B3 /* ViewModel */,
				22DBA6F525F6AED3002D21B3 /* View */,
				22DBA6D825F6961B002D21B3 /* Info.plist */,
			);
			path = NetGallery;
			sourceTree = "<group>";
		};
		22DBA6F525F6AED3002D21B3 /* View */ = {
			isa = PBXGroup;
			children = (
				22DBA6EF25F6A989002D21B3 /* TabBarViewController.swift */,
				22DBA6F225F6AC02002D21B3 /* NetworkImageCollectionViewController.swift */,
				22DBA6CE25F6961A002D21B3 /* BioViewController.swift */,
			);
			path = View;
			sourceTree = "<group>";
		};
		22DBA6F625F6AEDB002D21B3 /* ViewModel */ = {
			isa = PBXGroup;
			children = (
				22DBA6FB25F6AF6C002D21B3 /* BioViewModel.swift */,
			);
			path = ViewModel;
			sourceTree = "<group>";
		};
		22DBA6F725F6AEF3002D21B3 /* Model */ = {
			isa = PBXGroup;
			children = (
				22DBA6F825F6AF38002D21B3 /* Bio.swift */,
			);
			path = Model;
			sourceTree = "<group>";
		};
		24E775935E483E286289ACA2 /* Pods */ = {
			isa = PBXGroup;
			children = (
				5FF669E8A711D33E1518DDFB /* Pods-NetGallery.debug.xcconfig */,
				989140FF77DD57891871BCCB /* Pods-NetGallery.release.xcconfig */,
			);
			path = Pods;
			sourceTree = "<group>";
		};
		D2D1EF32E4860EB29A01EDC6 /* Frameworks */ = {
			isa = PBXGroup;
			children = (
				621637196C95B7CC477F6D23 /* Pods_NetGallery.framework */,
			);
			name = Frameworks;
			sourceTree = "<group>";
		};
/* End PBXGroup section */

/* Begin PBXNativeTarget section */
		22DBA6C625F6961A002D21B3 /* NetGallery */ = {
			isa = PBXNativeTarget;
			buildConfigurationList = 22DBA6DB25F6961B002D21B3 /* Build configuration list for PBXNativeTarget "NetGallery" */;
			buildPhases = (
				0E51A0FF28416C30AA633305 /* [CP] Check Pods Manifest.lock */,
				22DBA6C325F6961A002D21B3 /* Sources */,
				22DBA6C425F6961A002D21B3 /* Frameworks */,
				22DBA6C525F6961A002D21B3 /* Resources */,
				7D71D7CE6103CE377682E4B6 /* [CP] Embed Pods Frameworks */,
			);
			buildRules = (
			);
			dependencies = (
			);
			name = NetGallery;
			productName = NetGallery;
			productReference = 22DBA6C725F6961A002D21B3 /* NetGallery.app */;
			productType = "com.apple.product-type.application";
		};
/* End PBXNativeTarget section */

/* Begin PBXProject section */
		22DBA6BF25F6961A002D21B3 /* Project object */ = {
			isa = PBXProject;
			attributes = {
				LastSwiftUpdateCheck = 1240;
				LastUpgradeCheck = 1240;
				TargetAttributes = {
					22DBA6C625F6961A002D21B3 = {
						CreatedOnToolsVersion = 12.4;
					};
				};
			};
			buildConfigurationList = 22DBA6C225F6961A002D21B3 /* Build configuration list for PBXProject "NetGallery" */;
			compatibilityVersion = "Xcode 9.3";
			developmentRegion = en;
			hasScannedForEncodings = 0;
			knownRegions = (
				en,
				Base,
			);
			mainGroup = 22DBA6BE25F6961A002D21B3;
			productRefGroup = 22DBA6C825F6961A002D21B3 /* Products */;
			projectDirPath = "";
			projectRoot = "";
			targets = (
				22DBA6C625F6961A002D21B3 /* NetGallery */,
			);
		};
/* End PBXProject section */

/* Begin PBXResourcesBuildPhase section */
		22DBA6C525F6961A002D21B3 /* Resources */ = {
			isa = PBXResourcesBuildPhase;
			buildActionMask = 2147483647;
			files = (
				22DBA6D425F6961B002D21B3 /* Assets.xcassets in Resources */,
			);
			runOnlyForDeploymentPostprocessing = 0;
		};
/* End PBXResourcesBuildPhase section */

/* Begin PBXShellScriptBuildPhase section */
		0E51A0FF28416C30AA633305 /* [CP] Check Pods Manifest.lock */ = {
			isa = PBXShellScriptBuildPhase;
			buildActionMask = 2147483647;
			files = (
			);
			inputFileListPaths = (
			);
			inputPaths = (
				"${PODS_PODFILE_DIR_PATH}/Podfile.lock",
				"${PODS_ROOT}/Manifest.lock",
			);
			name = "[CP] Check Pods Manifest.lock";
			outputFileListPaths = (
			);
			outputPaths = (
				"$(DERIVED_FILE_DIR)/Pods-NetGallery-checkManifestLockResult.txt",
			);
			runOnlyForDeploymentPostprocessing = 0;
			shellPath = /bin/sh;
			shellScript = "diff \"${PODS_PODFILE_DIR_PATH}/Podfile.lock\" \"${PODS_ROOT}/Manifest.lock\" > /dev/null\nif [ $? != 0 ] ; then\n    # print error to STDERR\n    echo \"error: The sandbox is not in sync with the Podfile.lock. Run 'pod install' or update your CocoaPods installation.\" >&2\n    exit 1\nfi\n# This output is used by Xcode 'outputs' to avoid re-running this script phase.\necho \"SUCCESS\" > \"${SCRIPT_OUTPUT_FILE_0}\"\n";
			showEnvVarsInLog = 0;
		};
		7D71D7CE6103CE377682E4B6 /* [CP] Embed Pods Frameworks */ = {
			isa = PBXShellScriptBuildPhase;
			buildActionMask = 2147483647;
			files = (
			);
			inputFileListPaths = (
				"${PODS_ROOT}/Target Support Files/Pods-NetGallery/Pods-NetGallery-frameworks-${CONFIGURATION}-input-files.xcfilelist",
			);
			name = "[CP] Embed Pods Frameworks";
			outputFileListPaths = (
				"${PODS_ROOT}/Target Support Files/Pods-NetGallery/Pods-NetGallery-frameworks-${CONFIGURATION}-output-files.xcfilelist",
			);
			runOnlyForDeploymentPostprocessing = 0;
			shellPath = /bin/sh;
			shellScript = "\"${PODS_ROOT}/Target Support Files/Pods-NetGallery/Pods-NetGallery-frameworks.sh\"\n";
			showEnvVarsInLog = 0;
		};
/* End PBXShellScriptBuildPhase section */

/* Begin PBXSourcesBuildPhase section */
		22DBA6C325F6961A002D21B3 /* Sources */ = {
			isa = PBXSourcesBuildPhase;
			buildActionMask = 2147483647;
			files = (
				22DBA6F925F6AF38002D21B3 /* Bio.swift in Sources */,
				22DBA6FC25F6AF6C002D21B3 /* BioViewModel.swift in Sources */,
				22DBA6CF25F6961A002D21B3 /* BioViewController.swift in Sources */,
				22DBA6F325F6AC02002D21B3 /* NetworkImageCollectionViewController.swift in Sources */,
				22DBA6F025F6A989002D21B3 /* TabBarViewController.swift in Sources */,
				22DBA6CB25F6961A002D21B3 /* AppDelegate.swift in Sources */,
			);
			runOnlyForDeploymentPostprocessing = 0;
		};
/* End PBXSourcesBuildPhase section */

/* Begin XCBuildConfiguration section */
		22DBA6D925F6961B002D21B3 /* Debug */ = {
			isa = XCBuildConfiguration;
			buildSettings = {
				ALWAYS_SEARCH_USER_PATHS = NO;
				CLANG_ANALYZER_NONNULL = YES;
				CLANG_ANALYZER_NUMBER_OBJECT_CONVERSION = YES_AGGRESSIVE;
				CLANG_CXX_LANGUAGE_STANDARD = "gnu++14";
				CLANG_CXX_LIBRARY = "libc++";
				CLANG_ENABLE_MODULES = YES;
				CLANG_ENABLE_OBJC_ARC = YES;
				CLANG_ENABLE_OBJC_WEAK = YES;
				CLANG_WARN_BLOCK_CAPTURE_AUTORELEASING = YES;
				CLANG_WARN_BOOL_CONVERSION = YES;
				CLANG_WARN_COMMA = YES;
				CLANG_WARN_CONSTANT_CONVERSION = YES;
				CLANG_WARN_DEPRECATED_OBJC_IMPLEMENTATIONS = YES;
				CLANG_WARN_DIRECT_OBJC_ISA_USAGE = YES_ERROR;
				CLANG_WARN_DOCUMENTATION_COMMENTS = YES;
				CLANG_WARN_EMPTY_BODY = YES;
				CLANG_WARN_ENUM_CONVERSION = YES;
				CLANG_WARN_INFINITE_RECURSION = YES;
				CLANG_WARN_INT_CONVERSION = YES;
				CLANG_WARN_NON_LITERAL_NULL_CONVERSION = YES;
				CLANG_WARN_OBJC_IMPLICIT_RETAIN_SELF = YES;
				CLANG_WARN_OBJC_LITERAL_CONVERSION = YES;
				CLANG_WARN_OBJC_ROOT_CLASS = YES_ERROR;
				CLANG_WARN_QUOTED_INCLUDE_IN_FRAMEWORK_HEADER = YES;
				CLANG_WARN_RANGE_LOOP_ANALYSIS = YES;
				CLANG_WARN_STRICT_PROTOTYPES = YES;
				CLANG_WARN_SUSPICIOUS_MOVE = YES;
				CLANG_WARN_UNGUARDED_AVAILABILITY = YES_AGGRESSIVE;
				CLANG_WARN_UNREACHABLE_CODE = YES;
				CLANG_WARN__DUPLICATE_METHOD_MATCH = YES;
				COPY_PHASE_STRIP = NO;
				DEBUG_INFORMATION_FORMAT = dwarf;
				ENABLE_STRICT_OBJC_MSGSEND = YES;
				ENABLE_TESTABILITY = YES;
				GCC_C_LANGUAGE_STANDARD = gnu11;
				GCC_DYNAMIC_NO_PIC = NO;
				GCC_NO_COMMON_BLOCKS = YES;
				GCC_OPTIMIZATION_LEVEL = 0;
				GCC_PREPROCESSOR_DEFINITIONS = (
					"DEBUG=1",
					"$(inherited)",
				);
				GCC_WARN_64_TO_32_BIT_CONVERSION = YES;
				GCC_WARN_ABOUT_RETURN_TYPE = YES_ERROR;
				GCC_WARN_UNDECLARED_SELECTOR = YES;
				GCC_WARN_UNINITIALIZED_AUTOS = YES_AGGRESSIVE;
				GCC_WARN_UNUSED_FUNCTION = YES;
				GCC_WARN_UNUSED_VARIABLE = YES;
				IPHONEOS_DEPLOYMENT_TARGET = 11.0;
				MTL_ENABLE_DEBUG_INFO = INCLUDE_SOURCE;
				MTL_FAST_MATH = YES;
				ONLY_ACTIVE_ARCH = YES;
				SDKROOT = iphoneos;
				SWIFT_ACTIVE_COMPILATION_CONDITIONS = DEBUG;
				SWIFT_OPTIMIZATION_LEVEL = "-Onone";
				SWIFT_VERSION = 4.2;
			};
			name = Debug;
		};
		22DBA6DA25F6961B002D21B3 /* Release */ = {
			isa = XCBuildConfiguration;
			buildSettings = {
				ALWAYS_SEARCH_USER_PATHS = NO;
				CLANG_ANALYZER_NONNULL = YES;
				CLANG_ANALYZER_NUMBER_OBJECT_CONVERSION = YES_AGGRESSIVE;
				CLANG_CXX_LANGUAGE_STANDARD = "gnu++14";
				CLANG_CXX_LIBRARY = "libc++";
				CLANG_ENABLE_MODULES = YES;
				CLANG_ENABLE_OBJC_ARC = YES;
				CLANG_ENABLE_OBJC_WEAK = YES;
				CLANG_WARN_BLOCK_CAPTURE_AUTORELEASING = YES;
				CLANG_WARN_BOOL_CONVERSION = YES;
				CLANG_WARN_COMMA = YES;
				CLANG_WARN_CONSTANT_CONVERSION = YES;
				CLANG_WARN_DEPRECATED_OBJC_IMPLEMENTATIONS = YES;
				CLANG_WARN_DIRECT_OBJC_ISA_USAGE = YES_ERROR;
				CLANG_WARN_DOCUMENTATION_COMMENTS = YES;
				CLANG_WARN_EMPTY_BODY = YES;
				CLANG_WARN_ENUM_CONVERSION = YES;
				CLANG_WARN_INFINITE_RECURSION = YES;
				CLANG_WARN_INT_CONVERSION = YES;
				CLANG_WARN_NON_LITERAL_NULL_CONVERSION = YES;
				CLANG_WARN_OBJC_IMPLICIT_RETAIN_SELF = YES;
				CLANG_WARN_OBJC_LITERAL_CONVERSION = YES;
				CLANG_WARN_OBJC_ROOT_CLASS = YES_ERROR;
				CLANG_WARN_QUOTED_INCLUDE_IN_FRAMEWORK_HEADER = YES;
				CLANG_WARN_RANGE_LOOP_ANALYSIS = YES;
				CLANG_WARN_STRICT_PROTOTYPES = YES;
				CLANG_WARN_SUSPICIOUS_MOVE = YES;
				CLANG_WARN_UNGUARDED_AVAILABILITY = YES_AGGRESSIVE;
				CLANG_WARN_UNREACHABLE_CODE = YES;
				CLANG_WARN__DUPLICATE_METHOD_MATCH = YES;
				COPY_PHASE_STRIP = NO;
				DEBUG_INFORMATION_FORMAT = "dwarf-with-dsym";
				ENABLE_NS_ASSERTIONS = NO;
				ENABLE_STRICT_OBJC_MSGSEND = YES;
				GCC_C_LANGUAGE_STANDARD = gnu11;
				GCC_NO_COMMON_BLOCKS = YES;
				GCC_WARN_64_TO_32_BIT_CONVERSION = YES;
				GCC_WARN_ABOUT_RETURN_TYPE = YES_ERROR;
				GCC_WARN_UNDECLARED_SELECTOR = YES;
				GCC_WARN_UNINITIALIZED_AUTOS = YES_AGGRESSIVE;
				GCC_WARN_UNUSED_FUNCTION = YES;
				GCC_WARN_UNUSED_VARIABLE = YES;
				IPHONEOS_DEPLOYMENT_TARGET = 11.0;
				MTL_ENABLE_DEBUG_INFO = NO;
				MTL_FAST_MATH = YES;
				SDKROOT = iphoneos;
				SWIFT_COMPILATION_MODE = wholemodule;
				SWIFT_OPTIMIZATION_LEVEL = "-O";
				SWIFT_VERSION = 4.2;
				VALIDATE_PRODUCT = YES;
			};
			name = Release;
		};
		22DBA6DC25F6961B002D21B3 /* Debug */ = {
			isa = XCBuildConfiguration;
			baseConfigurationReference = 5FF669E8A711D33E1518DDFB /* Pods-NetGallery.debug.xcconfig */;
			buildSettings = {
				ASSETCATALOG_COMPILER_APPICON_NAME = AppIcon;
				ASSETCATALOG_COMPILER_GLOBAL_ACCENT_COLOR_NAME = AccentColor;
				CODE_SIGN_STYLE = Automatic;
				INFOPLIST_FILE = NetGallery/Info.plist;
				LD_RUNPATH_SEARCH_PATHS = (
					"$(inherited)",
					"@executable_path/Frameworks",
				);
				PRODUCT_BUNDLE_IDENTIFIER = VasiliySamarin.NetGallery;
				PRODUCT_NAME = "$(TARGET_NAME)";
				SWIFT_VERSION = 5.0;
				TARGETED_DEVICE_FAMILY = "1,2";
			};
			name = Debug;
		};
		22DBA6DD25F6961B002D21B3 /* Release */ = {
			isa = XCBuildConfiguration;
			baseConfigurationReference = 989140FF77DD57891871BCCB /* Pods-NetGallery.release.xcconfig */;
			buildSettings = {
				ASSETCATALOG_COMPILER_APPICON_NAME = AppIcon;
				ASSETCATALOG_COMPILER_GLOBAL_ACCENT_COLOR_NAME = AccentColor;
				CODE_SIGN_STYLE = Automatic;
				INFOPLIST_FILE = NetGallery/Info.plist;
				LD_RUNPATH_SEARCH_PATHS = (
					"$(inherited)",
					"@executable_path/Frameworks",
				);
				PRODUCT_BUNDLE_IDENTIFIER = VasiliySamarin.NetGallery;
				PRODUCT_NAME = "$(TARGET_NAME)";
				SWIFT_VERSION = 5.0;
				TARGETED_DEVICE_FAMILY = "1,2";
			};
			name = Release;
		};
/* End XCBuildConfiguration section */

/* Begin XCConfigurationList section */
		22DBA6C225F6961A002D21B3 /* Build configuration list for PBXProject "NetGallery" */ = {
			isa = XCConfigurationList;
			buildConfigurations = (
				22DBA6D925F6961B002D21B3 /* Debug */,
				22DBA6DA25F6961B002D21B3 /* Release */,
			);
			defaultConfigurationIsVisible = 0;
			defaultConfigurationName = Release;
		};
		22DBA6DB25F6961B002D21B3 /* Build configuration list for PBXNativeTarget "NetGallery" */ = {
			isa = XCConfigurationList;
			buildConfigurations = (
				22DBA6DC25F6961B002D21B3 /* Debug */,
				22DBA6DD25F6961B002D21B3 /* Release */,
			);
			defaultConfigurationIsVisible = 0;
			defaultConfigurationName = Release;
		};
/* End XCConfigurationList section */
	};
	rootObject = 22DBA6BF25F6961A002D21B3 /* Project object */;
}
